
Microsoft Visual Studio Solution File, Format Version 12.00
# Visual Studio Version 17
VisualStudioVersion = 17.9.34701.34
MinimumVisualStudioVersion = 10.0.40219.1
Project("{FAE04EC0-301F-11D3-BF4B-00C04F79EFBC}") = "COMP003B.SP2024.Lecture5", "COMP003B.SP2024.Lecture5\COMP003B.SP2024.Lecture5.csproj", "{43539B30-A5CE-422A-BB2E-F4713F86E00F}"
EndProject
Global
	GlobalSection(SolutionConfigurationPlatforms) = preSolution
		Debug|Any CPU = Debug|Any CPU
		Release|Any CPU = Release|Any CPU
	EndGlobalSection
	GlobalSection(ProjectConfigurationPlatforms) = postSolution
		{43539B30-A5CE-422A-BB2E-F4713F86E00F}.Debug|Any CPU.ActiveCfg = Debug|Any CPU
		{43539B30-A5CE-422A-BB2E-F4713F86E00F}.Debug|Any CPU.Build.0 = Debug|Any CPU
		{43539B30-A5CE-422A-BB2E-F4713F86E00F}.Release|Any CPU.ActiveCfg = Release|Any CPU
		{43539B30-A5CE-422A-BB2E-F4713F86E00F}.Release|Any CPU.Build.0 = Release|Any CPU
	EndGlobalSection
	GlobalSection(SolutionProperties) = preSolution
		HideSolutionNode = FALSE
	EndGlobalSection
	GlobalSection(ExtensibilityGlobals) = postSolution
		SolutionGuid = {B7E8FA38-C36F-499E-B3F6-49BA8E83295C}
	EndGlobalSection
EndGlobal
